{
  "name": "consumer-app",
  "version": "1.0.0",
  "lockfileVersion": 3,
  "requires": true,
  "packages": {
    "": {
      "name": "consumer-app",
      "version": "1.0.0",
      "license": "ISC",
      "dependencies": {
        "my-sdk": "file:../my-sdk"
      },
      "devDependencies": {
        "typescript": "^5.6.2"
      }
    },
    "../my-sdk": {
      "version": "1.0.0",
      "license": "ISC",
      "devDependencies": {
        "esbuild": "^0.24.0",
        "rimraf": "^6.0.1",
        "typescript": "^5.6.2"
      }
    },
    "node_modules/my-sdk": {
      "resolved": "../my-sdk",
      "link": true
    },
    "node_modules/typescript": {
      "version": "5.6.2",
      "resolved": "https://registry.npmjs.org/typescript/-/typescript-5.6.2.tgz",
      "integrity": "sha512-NW8ByodCSNCwZeghjN3o+JX5OFH0Ojg6sadjEKY4huZ52TqbJTJnDo5+Tw98lSy63NZvi4n+ez5m2u5d4PkZyw==",
      "dev": true,
      "bin": {
        "tsc": "bin/tsc",
        "tsserver": "bin/tsserver"
      },
      "engines": {
        "node": ">=14.17"
      }
    }
  }
}
